#MicroXplorer Configuration settings - do not modify
#Fri May 12 23:03:17 ICT 2017
File.Version=1
KeepUserPlacement=false
Mcu.Family=STM32F4
Mcu.IP0=I2C1
Mcu.IP1=SPI2
Mcu.IP2=USART1
Mcu.IPNb=3
Mcu.Name=STM32F407V(E-G)Tx
Mcu.Package=LQFP100
Mcu.Pin0=PE4
Mcu.Pin1=PE5
Mcu.Pin10=PB8
Mcu.Pin11=PB9
Mcu.Pin12=PE0
Mcu.Pin13=PE1
Mcu.Pin2=PE6
Mcu.Pin3=PC2
Mcu.Pin4=PC3
Mcu.Pin5=PE7
Mcu.Pin6=PB12
Mcu.Pin7=PB13
Mcu.Pin8=PA9
Mcu.Pin9=PA10
Mcu.PinsNb=14
PA10.Mode=Asynchronous
PA10.Signal=USART1_RX
PA9.Mode=Asynchronous
PA9.Signal=USART1_TX
PB12.Mode=Full-Duplex-Master_With-NSS
PB12.Signal=SPI2_NSS
PB13.Mode=Full-Duplex-Master_With-NSS
PB13.Signal=SPI2_SCK
PB8.Mode=I2C
PB8.Signal=I2C1_SCL
PB9.Mode=I2C
PB9.Signal=I2C1_SDA
PC2.Mode=Full-Duplex-Master_With-NSS
PC2.Signal=SPI2_MISO
PC3.Mode=Full-Duplex-Master_With-NSS
PC3.Signal=SPI2_MOSI
PE0.GPIOParameters=GPIO_Label
PE0.GPIO_Label=ALCD_RS
PE0.Signal=GPIO_Output
PE1.GPIOParameters=GPIO_Label
PE1.GPIO_Label=ALCD_EN
PE1.Signal=GPIO_Output
PE4.GPIOParameters=GPIO_Label
PE4.GPIO_Label=ALCD_D4
PE4.Signal=GPIO_Output
PE5.GPIOParameters=GPIO_Label
PE5.GPIO_Label=ALCD_D5
PE5.Signal=GPIO_Output
PE6.GPIOParameters=GPIO_Label
PE6.GPIO_Label=ALCD_D6
PE6.Signal=GPIO_Output
PE7.GPIOParameters=GPIO_Label
PE7.GPIO_Label=ALCD_D7
PE7.Signal=GPIO_Output
