#MicroXplorer Configuration settings - do not modify
#Wed Jan 28 20:07:23 WIB 2015
File.Version=1
KeepUserPlacement=true
Mcu.Family=STM32F1
Mcu.IP0=ADC1
Mcu.IP1=CORTEX_EVENT
Mcu.IP2=SPI2
Mcu.IP3=SYS
Mcu.IP4=USART1
Mcu.IPNb=5
Mcu.Name=STM32F103R(8-B)Tx
Mcu.Package=LQFP64
Mcu.Pin0=PC14-OSC32_IN
Mcu.Pin1=PC15-OSC32_OUT
Mcu.Pin10=PB13
Mcu.Pin11=PB14
Mcu.Pin12=PB15
Mcu.Pin13=PA8
Mcu.Pin14=PA9
Mcu.Pin15=PA10
Mcu.Pin16=PC10
Mcu.Pin17=PC11
Mcu.Pin18=PC12
Mcu.Pin19=PB4
Mcu.Pin2=PD0-OSC_IN
Mcu.Pin20=PB5
Mcu.Pin21=PB6
Mcu.Pin22=PB7
Mcu.Pin3=PD1-OSC_OUT
Mcu.Pin4=PA0-WKUP
Mcu.Pin5=PA1
Mcu.Pin6=PA2
Mcu.Pin7=PA3
Mcu.Pin8=PB2
Mcu.Pin9=PB12
Mcu.PinsNb=23
PA0-WKUP.Mode=IN0
PA0-WKUP.Signal=ADC1_IN0
PA1.Mode=IN1
PA1.Signal=ADC1_IN1
PA10.Mode=Asynchronous
PA10.Signal=USART1_RX
PA2.Mode=IN2
PA2.Signal=ADC1_IN2
PA3.Mode=IN3
PA3.Signal=ADC1_IN3
PA8.Signal=GPIO_Output
PA9.Mode=Asynchronous
PA9.Signal=USART1_TX
PB12.Mode=Full-Duplex-Master_With-NSS
PB12.Signal=SPI2_NSS
PB13.Mode=Full-Duplex-Master_With-NSS
PB13.Signal=SPI2_SCK
PB14.Mode=Full-Duplex-Master_With-NSS
PB14.Signal=SPI2_MISO
PB15.Mode=Full-Duplex-Master_With-NSS
PB15.Signal=SPI2_MOSI
PB2.Mode=Event-Out
PB2.Signal=CORTEX_EVENT_OUT
PB4.Signal=GPIO_Output
PB5.Signal=GPIO_Output
PB6.Signal=GPIO_Output
PB7.Signal=GPIO_Output
PC10.Signal=GPIO_Output
PC11.Signal=GPIO_Output
PC12.Signal=GPIO_Output
PC14-OSC32_IN.Mode=LSE-External-Oscillator
PC14-OSC32_IN.Signal=SYS_OSC32_IN
PC15-OSC32_OUT.Mode=LSE-External-Oscillator
PC15-OSC32_OUT.Signal=SYS_OSC32_OUT
PD0-OSC_IN.Mode=HSE-External-Oscillator
PD0-OSC_IN.Signal=SYS_OSC_IN
PD1-OSC_OUT.Mode=HSE-External-Oscillator
PD1-OSC_OUT.Signal=SYS_OSC_OUT
